
Microsoft Visual Studio Solution File, Format Version 12.00
# Visual Studio 15
VisualStudioVersion = 15.0.26730.10
MinimumVisualStudioVersion = 10.0.40219.1
Project("{8BC9CEB8-8B4A-11D0-8D11-00A0C91BC942}") = "NewProject", "NewProject\NewProject.vcxproj", "{C85F6881-CE39-46B5-B2E4-3065B7F1415C}"
EndProject
Global
	GlobalSection(SolutionConfigurationPlatforms) = preSolution
		Debug|x64 = Debug|x64
		Debug|x86 = Debug|x86
		Release|x64 = Release|x64
		Release|x86 = Release|x86
	EndGlobalSection
	GlobalSection(ProjectConfigurationPlatforms) = postSolution
		{C85F6881-CE39-46B5-B2E4-3065B7F1415C}.Debug|x64.ActiveCfg = Debug|x64
		{C85F6881-CE39-46B5-B2E4-3065B7F1415C}.Debug|x64.Build.0 = Debug|x64
		{C85F6881-CE39-46B5-B2E4-3065B7F1415C}.Debug|x86.ActiveCfg = Debug|Win32
		{C85F6881-CE39-46B5-B2E4-3065B7F1415C}.Debug|x86.Build.0 = Debug|Win32
		{C85F6881-CE39-46B5-B2E4-3065B7F1415C}.Release|x64.ActiveCfg = Release|x64
		{C85F6881-CE39-46B5-B2E4-3065B7F1415C}.Release|x64.Build.0 = Release|x64
		{C85F6881-CE39-46B5-B2E4-3065B7F1415C}.Release|x86.ActiveCfg = Release|Win32
		{C85F6881-CE39-46B5-B2E4-3065B7F1415C}.Release|x86.Build.0 = Release|Win32
	EndGlobalSection
	GlobalSection(SolutionProperties) = preSolution
		HideSolutionNode = FALSE
	EndGlobalSection
	GlobalSection(ExtensibilityGlobals) = postSolution
		SolutionGuid = {9021E60F-1A3E-42F0-96B9-7D2DA5543EAB}
	EndGlobalSection
EndGlobal
